
Microsoft Visual Studio Solution File, Format Version 12.00
# Visual Studio Version 17
VisualStudioVersion = 17.0.31912.275
MinimumVisualStudioVersion = 10.0.40219.1
Project("{FAE04EC0-301F-11D3-BF4B-00C04F79EFBC}") = "JumpSearchAlgorithm", "JumpSearchAlgorithm\JumpSearchAlgorithm.csproj", "{245B2899-D4C0-4FF5-BC1A-05E439230166}"
EndProject
Global
	GlobalSection(SolutionConfigurationPlatforms) = preSolution
		Debug|Any CPU = Debug|Any CPU
		Release|Any CPU = Release|Any CPU
	EndGlobalSection
	GlobalSection(ProjectConfigurationPlatforms) = postSolution
		{245B2899-D4C0-4FF5-BC1A-05E439230166}.Debug|Any CPU.ActiveCfg = Debug|Any CPU
		{245B2899-D4C0-4FF5-BC1A-05E439230166}.Debug|Any CPU.Build.0 = Debug|Any CPU
		{245B2899-D4C0-4FF5-BC1A-05E439230166}.Release|Any CPU.ActiveCfg = Release|Any CPU
		{245B2899-D4C0-4FF5-BC1A-05E439230166}.Release|Any CPU.Build.0 = Release|Any CPU
	EndGlobalSection
	GlobalSection(SolutionProperties) = preSolution
		HideSolutionNode = FALSE
	EndGlobalSection
	GlobalSection(ExtensibilityGlobals) = postSolution
		SolutionGuid = {26C16F64-0EF1-4913-A325-FF5E867C2C7A}
	EndGlobalSection
EndGlobal
